
Microsoft Visual Studio Solution File, Format Version 12.00
# Visual Studio Version 16
VisualStudioVersion = 16.0.29806.167
MinimumVisualStudioVersion = 10.0.40219.1
Project("{FAE04EC0-301F-11D3-BF4B-00C04F79EFBC}") = "Calculator", "Calculator.csproj", "{C0915E36-4909-4B09-8FDE-1510E710969D}"
EndProject
Global
	GlobalSection(SolutionConfigurationPlatforms) = preSolution
		Debug|Any CPU = Debug|Any CPU
		Release|Any CPU = Release|Any CPU
	EndGlobalSection
	GlobalSection(ProjectConfigurationPlatforms) = postSolution
		{C0915E36-4909-4B09-8FDE-1510E710969D}.Debug|Any CPU.ActiveCfg = Debug|Any CPU
		{C0915E36-4909-4B09-8FDE-1510E710969D}.Debug|Any CPU.Build.0 = Debug|Any CPU
		{C0915E36-4909-4B09-8FDE-1510E710969D}.Release|Any CPU.ActiveCfg = Release|Any CPU
		{C0915E36-4909-4B09-8FDE-1510E710969D}.Release|Any CPU.Build.0 = Release|Any CPU
	EndGlobalSection
	GlobalSection(SolutionProperties) = preSolution
		HideSolutionNode = FALSE
	EndGlobalSection
	GlobalSection(ExtensibilityGlobals) = postSolution
		SolutionGuid = {8FCD3946-440D-4DB5-B34B-26846E8156ED}
	EndGlobalSection
EndGlobal
